{
  "object": {
    "pins": [
      {
        "package": "JSONPatch",
        "repositoryURL": "https://github.com/raymccrae/swift-jsonpatch.git",
        "state": {
          "branch": null,
          "revision": "e6d643765ffec0ad57945921f0e1a57b97584e69",
          "version": "1.0.5"
        }
      }
    ]
  },
  "version": 1
}
