{
  "object": {
    "pins": [
      {
        "package": "Alamofire",
        "repositoryURL": "https://github.com/Alamofire/Alamofire.git",
        "state": {
          "branch": null,
          "revision": "f96b619bcb2383b43d898402283924b80e2c4bae",
          "version": "5.4.3"
        }
      },
      {
        "package": "Starscream",
        "repositoryURL": "https://github.com/daltoniam/Starscream.git",
        "state": {
          "branch": null,
          "revision": "df8d82047f6654d8e4b655d1b1525c64e1059d21",
          "version": "4.0.4"
        }
      },
      {
        "package": "JSONPatch",
        "repositoryURL": "https://github.com/raymccrae/swift-jsonpatch.git",
        "state": {
          "branch": null,
          "revision": "65edda8a5a756985418e53968491f25d5dc4a217",
          "version": "1.0.4"
        }
      }
    ]
  },
  "version": 1
}
